{
  "name": "some",
  "version": "1.0.0",
  "lockfileVersion": 3,
  "requires": true,
  "packages": {
    "": {
      "name": "some",
      "version": "1.0.0",
      "license": "ISC",
      "dependencies": {
        "@idontknow3210/ajs": "^1.0.0"
      }
    },
    "node_modules/@idontknow3210/ajs": {
      "version": "1.0.0",
      "resolved": "https://npm.pkg.github.com/download/@idontknow3210/ajs/1.0.0/d24fbbf6bd742e1f5258ba04609397b927a124be",
      "integrity": "sha512-HpRskGKSUgOWALXxZ8sigeicdwmayk7YvmObBZaGKgnM3mr9k0m6CZaQJ1pNleZC49/gWHWhZFMVRrxZASj8ow==",
      "license": "ISC"
    }
  }
}
